
Microsoft Visual Studio Solution File, Format Version 12.00
# Visual Studio Version 16
VisualStudioVersion = 16.0.31410.357
MinimumVisualStudioVersion = 10.0.40219.1
Project("{FAE04EC0-301F-11D3-BF4B-00C04F79EFBC}") = "GradAdvanceLoad", "GradAdvanceLoad.csproj", "{851B4681-B3C2-40FB-AEFC-519A127EFB60}"
EndProject
Global
	GlobalSection(SolutionConfigurationPlatforms) = preSolution
		Debug|Any CPU = Debug|Any CPU
		Release|Any CPU = Release|Any CPU
	EndGlobalSection
	GlobalSection(ProjectConfigurationPlatforms) = postSolution
		{851B4681-B3C2-40FB-AEFC-519A127EFB60}.Debug|Any CPU.ActiveCfg = Debug|Any CPU
		{851B4681-B3C2-40FB-AEFC-519A127EFB60}.Debug|Any CPU.Build.0 = Debug|Any CPU
		{851B4681-B3C2-40FB-AEFC-519A127EFB60}.Release|Any CPU.ActiveCfg = Release|Any CPU
		{851B4681-B3C2-40FB-AEFC-519A127EFB60}.Release|Any CPU.Build.0 = Release|Any CPU
	EndGlobalSection
	GlobalSection(SolutionProperties) = preSolution
		HideSolutionNode = FALSE
	EndGlobalSection
	GlobalSection(ExtensibilityGlobals) = postSolution
		SolutionGuid = {486EDCA1-13B9-4AC2-9042-86232C05A72A}
	EndGlobalSection
EndGlobal
